// !$*UTF8*$!
{
	archiveVersion = 1;
	classes = {
	};
	objectVersion = 55;
	objects = {

/* Begin PBXBuildFile section */
		376121F1284B253000C3400F /* RNLinearGradientViewManager.mm in Sources */ = {isa = PBXBuildFile; fileRef = 376121F0284B253000C3400F /* RNLinearGradientViewManager.mm */; };
		376121FA284B355A00C3400F /* RNLinearGradientView.mm in Sources */ = {isa = PBXBuildFile; fileRef = 376121F9284B355A00C3400F /* RNLinearGradientView.mm */; };
		378C76EC284B888600ED7209 /* LinearGradientLayer.mm in Sources */ = {isa = PBXBuildFile; fileRef = 378C76EB284B888600ED7209 /* LinearGradientLayer.mm */; };
/* End PBXBuildFile section */

/* Begin PBXCopyFilesBuildPhase section */
		376121EA284B253000C3400F /* CopyFiles */ = {
			isa = PBXCopyFilesBuildPhase;
			buildActionMask = 2147483647;
			dstPath = "include/$(PRODUCT_NAME)";
			dstSubfolderSpec = 16;
			files = (
			);
			runOnlyForDeploymentPostprocessing = 0;
		};
/* End PBXCopyFilesBuildPhase section */

/* Begin PBXFileReference section */
		376121EC284B253000C3400F /* libRNLinearGradientView.a */ = {isa = PBXFileReference; explicitFileType = archive.ar; includeInIndex = 0; path = libRNLinearGradientView.a; sourceTree = BUILT_PRODUCTS_DIR; };
		376121F0284B253000C3400F /* RNLinearGradientViewManager.mm */ = {isa = PBXFileReference; lastKnownFileType = sourcecode.cpp.objcpp; path = RNLinearGradientViewManager.mm; sourceTree = "<group>"; };
		376121F8284B33D500C3400F /* RNLinearGradientView.h */ = {isa = PBXFileReference; lastKnownFileType = sourcecode.c.h; path = RNLinearGradientView.h; sourceTree = "<group>"; };
		376121F9284B355A00C3400F /* RNLinearGradientView.mm */ = {isa = PBXFileReference; lastKnownFileType = sourcecode.cpp.objcpp; path = RNLinearGradientView.mm; sourceTree = "<group>"; };
		378C76EA284B885C00ED7209 /* LinearGradientLayer.h */ = {isa = PBXFileReference; lastKnownFileType = sourcecode.c.h; path = LinearGradientLayer.h; sourceTree = "<group>"; };
		378C76EB284B888600ED7209 /* LinearGradientLayer.mm */ = {isa = PBXFileReference; lastKnownFileType = sourcecode.cpp.objcpp; path = LinearGradientLayer.mm; sourceTree = "<group>"; };
/* End PBXFileReference section */

/* Begin PBXFrameworksBuildPhase section */
		376121E9284B253000C3400F /* Frameworks */ = {
			isa = PBXFrameworksBuildPhase;
			buildActionMask = 2147483647;
			files = (
			);
			runOnlyForDeploymentPostprocessing = 0;
		};
/* End PBXFrameworksBuildPhase section */

/* Begin PBXGroup section */
		376121E3284B253000C3400F = {
			isa = PBXGroup;
			children = (
				376121EE284B253000C3400F /* RNLinearGradientView */,
				376121ED284B253000C3400F /* Products */,
			);
			sourceTree = "<group>";
		};
		376121ED284B253000C3400F /* Products */ = {
			isa = PBXGroup;
			children = (
				376121EC284B253000C3400F /* libRNLinearGradientView.a */,
			);
			name = Products;
			sourceTree = "<group>";
		};
		376121EE284B253000C3400F /* RNLinearGradientView */ = {
			isa = PBXGroup;
			children = (
				376121F0284B253000C3400F /* RNLinearGradientViewManager.mm */,
				376121F8284B33D500C3400F /* RNLinearGradientView.h */,
				376121F9284B355A00C3400F /* RNLinearGradientView.mm */,
				378C76EA284B885C00ED7209 /* LinearGradientLayer.h */,
				378C76EB284B888600ED7209 /* LinearGradientLayer.mm */,
			);
			path = RNLinearGradientView;
			sourceTree = "<group>";
		};
/* End PBXGroup section */

/* Begin PBXNativeTarget section */
		376121EB284B253000C3400F /* RNLinearGradientView */ = {
			isa = PBXNativeTarget;
			buildConfigurationList = 376121F5284B253000C3400F /* Build configuration list for PBXNativeTarget "RNLinearGradientView" */;
			buildPhases = (
				376121E8284B253000C3400F /* Sources */,
				376121E9284B253000C3400F /* Frameworks */,
				376121EA284B253000C3400F /* CopyFiles */,
			);
			buildRules = (
			);
			dependencies = (
			);
			name = RNLinearGradientView;
			productName = RNLinearGradientView;
			productReference = 376121EC284B253000C3400F /* libRNLinearGradientView.a */;
			productType = "com.apple.product-type.library.static";
		};
/* End PBXNativeTarget section */

/* Begin PBXProject section */
		376121E4284B253000C3400F /* Project object */ = {
			isa = PBXProject;
			attributes = {
				BuildIndependentTargetsInParallel = 1;
				LastUpgradeCheck = 1340;
				TargetAttributes = {
					376121EB284B253000C3400F = {
						CreatedOnToolsVersion = 13.4;
					};
				};
			};
			buildConfigurationList = 376121E7284B253000C3400F /* Build configuration list for PBXProject "RNLinearGradientView" */;
			compatibilityVersion = "Xcode 13.0";
			developmentRegion = en;
			hasScannedForEncodings = 0;
			knownRegions = (
				en,
				Base,
			);
			mainGroup = 376121E3284B253000C3400F;
			productRefGroup = 376121ED284B253000C3400F /* Products */;
			projectDirPath = "";
			projectRoot = "";
			targets = (
				376121EB284B253000C3400F /* RNLinearGradientView */,
			);
		};
/* End PBXProject section */

/* Begin PBXSourcesBuildPhase section */
		376121E8284B253000C3400F /* Sources */ = {
			isa = PBXSourcesBuildPhase;
			buildActionMask = 2147483647;
			files = (
				376121F1284B253000C3400F /* RNLinearGradientViewManager.mm in Sources */,
				378C76EC284B888600ED7209 /* LinearGradientLayer.mm in Sources */,
				376121FA284B355A00C3400F /* RNLinearGradientView.mm in Sources */,
			);
			runOnlyForDeploymentPostprocessing = 0;
		};
/* End PBXSourcesBuildPhase section */

/* Begin XCBuildConfiguration section */
		376121F3284B253000C3400F /* Debug */ = {
			isa = XCBuildConfiguration;
			buildSettings = {
				ALWAYS_SEARCH_USER_PATHS = NO;
				CLANG_ANALYZER_NONNULL = YES;
				CLANG_ANALYZER_NUMBER_OBJECT_CONVERSION = YES_AGGRESSIVE;
				CLANG_CXX_LANGUAGE_STANDARD = "gnu++17";
				CLANG_ENABLE_MODULES = YES;
				CLANG_ENABLE_OBJC_ARC = YES;
				CLANG_ENABLE_OBJC_WEAK = YES;
				CLANG_WARN_BLOCK_CAPTURE_AUTORELEASING = YES;
				CLANG_WARN_BOOL_CONVERSION = YES;
				CLANG_WARN_COMMA = YES;
				CLANG_WARN_CONSTANT_CONVERSION = YES;
				CLANG_WARN_DEPRECATED_OBJC_IMPLEMENTATIONS = YES;
				CLANG_WARN_DIRECT_OBJC_ISA_USAGE = YES_ERROR;
				CLANG_WARN_DOCUMENTATION_COMMENTS = YES;
				CLANG_WARN_EMPTY_BODY = YES;
				CLANG_WARN_ENUM_CONVERSION = YES;
				CLANG_WARN_INFINITE_RECURSION = YES;
				CLANG_WARN_INT_CONVERSION = YES;
				CLANG_WARN_NON_LITERAL_NULL_CONVERSION = YES;
				CLANG_WARN_OBJC_IMPLICIT_RETAIN_SELF = YES;
				CLANG_WARN_OBJC_LITERAL_CONVERSION = YES;
				CLANG_WARN_OBJC_ROOT_CLASS = YES_ERROR;
				CLANG_WARN_QUOTED_INCLUDE_IN_FRAMEWORK_HEADER = YES;
				CLANG_WARN_RANGE_LOOP_ANALYSIS = YES;
				CLANG_WARN_STRICT_PROTOTYPES = YES;
				CLANG_WARN_SUSPICIOUS_MOVE = YES;
				CLANG_WARN_UNGUARDED_AVAILABILITY = YES_AGGRESSIVE;
				CLANG_WARN_UNREACHABLE_CODE = YES;
				CLANG_WARN__DUPLICATE_METHOD_MATCH = YES;
				COPY_PHASE_STRIP = NO;
				DEBUG_INFORMATION_FORMAT = dwarf;
				ENABLE_STRICT_OBJC_MSGSEND = YES;
				ENABLE_TESTABILITY = YES;
				GCC_C_LANGUAGE_STANDARD = gnu11;
				GCC_DYNAMIC_NO_PIC = NO;
				GCC_NO_COMMON_BLOCKS = YES;
				GCC_OPTIMIZATION_LEVEL = 0;
				GCC_PREPROCESSOR_DEFINITIONS = (
					"DEBUG=1",
					"$(inherited)",
				);
				GCC_WARN_64_TO_32_BIT_CONVERSION = YES;
				GCC_WARN_ABOUT_RETURN_TYPE = YES_ERROR;
				GCC_WARN_UNDECLARED_SELECTOR = YES;
				GCC_WARN_UNINITIALIZED_AUTOS = YES_AGGRESSIVE;
				GCC_WARN_UNUSED_FUNCTION = YES;
				GCC_WARN_UNUSED_VARIABLE = YES;
				IPHONEOS_DEPLOYMENT_TARGET = 15.5;
				MTL_ENABLE_DEBUG_INFO = INCLUDE_SOURCE;
				MTL_FAST_MATH = YES;
				ONLY_ACTIVE_ARCH = YES;
				SDKROOT = iphoneos;
			};
			name = Debug;
		};
		376121F4284B253000C3400F /* Release */ = {
			isa = XCBuildConfiguration;
			buildSettings = {
				ALWAYS_SEARCH_USER_PATHS = NO;
				CLANG_ANALYZER_NONNULL = YES;
				CLANG_ANALYZER_NUMBER_OBJECT_CONVERSION = YES_AGGRESSIVE;
				CLANG_CXX_LANGUAGE_STANDARD = "gnu++17";
				CLANG_ENABLE_MODULES = YES;
				CLANG_ENABLE_OBJC_ARC = YES;
				CLANG_ENABLE_OBJC_WEAK = YES;
				CLANG_WARN_BLOCK_CAPTURE_AUTORELEASING = YES;
				CLANG_WARN_BOOL_CONVERSION = YES;
				CLANG_WARN_COMMA = YES;
				CLANG_WARN_CONSTANT_CONVERSION = YES;
				CLANG_WARN_DEPRECATED_OBJC_IMPLEMENTATIONS = YES;
				CLANG_WARN_DIRECT_OBJC_ISA_USAGE = YES_ERROR;
				CLANG_WARN_DOCUMENTATION_COMMENTS = YES;
				CLANG_WARN_EMPTY_BODY = YES;
				CLANG_WARN_ENUM_CONVERSION = YES;
				CLANG_WARN_INFINITE_RECURSION = YES;
				CLANG_WARN_INT_CONVERSION = YES;
				CLANG_WARN_NON_LITERAL_NULL_CONVERSION = YES;
				CLANG_WARN_OBJC_IMPLICIT_RETAIN_SELF = YES;
				CLANG_WARN_OBJC_LITERAL_CONVERSION = YES;
				CLANG_WARN_OBJC_ROOT_CLASS = YES_ERROR;
				CLANG_WARN_QUOTED_INCLUDE_IN_FRAMEWORK_HEADER = YES;
				CLANG_WARN_RANGE_LOOP_ANALYSIS = YES;
				CLANG_WARN_STRICT_PROTOTYPES = YES;
				CLANG_WARN_SUSPICIOUS_MOVE = YES;
				CLANG_WARN_UNGUARDED_AVAILABILITY = YES_AGGRESSIVE;
				CLANG_WARN_UNREACHABLE_CODE = YES;
				CLANG_WARN__DUPLICATE_METHOD_MATCH = YES;
				COPY_PHASE_STRIP = NO;
				DEBUG_INFORMATION_FORMAT = "dwarf-with-dsym";
				ENABLE_NS_ASSERTIONS = NO;
				ENABLE_STRICT_OBJC_MSGSEND = YES;
				GCC_C_LANGUAGE_STANDARD = gnu11;
				GCC_NO_COMMON_BLOCKS = YES;
				GCC_WARN_64_TO_32_BIT_CONVERSION = YES;
				GCC_WARN_ABOUT_RETURN_TYPE = YES_ERROR;
				GCC_WARN_UNDECLARED_SELECTOR = YES;
				GCC_WARN_UNINITIALIZED_AUTOS = YES_AGGRESSIVE;
				GCC_WARN_UNUSED_FUNCTION = YES;
				GCC_WARN_UNUSED_VARIABLE = YES;
				IPHONEOS_DEPLOYMENT_TARGET = 15.5;
				MTL_ENABLE_DEBUG_INFO = NO;
				MTL_FAST_MATH = YES;
				SDKROOT = iphoneos;
				VALIDATE_PRODUCT = YES;
			};
			name = Release;
		};
		376121F6284B253000C3400F /* Debug */ = {
			isa = XCBuildConfiguration;
			buildSettings = {
				CODE_SIGN_STYLE = Automatic;
				OTHER_LDFLAGS = "-ObjC";
				PRODUCT_NAME = "$(TARGET_NAME)";
				SKIP_INSTALL = YES;
				TARGETED_DEVICE_FAMILY = "1,2";
			};
			name = Debug;
		};
		376121F7284B253000C3400F /* Release */ = {
			isa = XCBuildConfiguration;
			buildSettings = {
				CODE_SIGN_STYLE = Automatic;
				OTHER_LDFLAGS = "-ObjC";
				PRODUCT_NAME = "$(TARGET_NAME)";
				SKIP_INSTALL = YES;
				TARGETED_DEVICE_FAMILY = "1,2";
			};
			name = Release;
		};
/* End XCBuildConfiguration section */

/* Begin XCConfigurationList section */
		376121E7284B253000C3400F /* Build configuration list for PBXProject "RNLinearGradientView" */ = {
			isa = XCConfigurationList;
			buildConfigurations = (
				376121F3284B253000C3400F /* Debug */,
				376121F4284B253000C3400F /* Release */,
			);
			defaultConfigurationIsVisible = 0;
			defaultConfigurationName = Release;
		};
		376121F5284B253000C3400F /* Build configuration list for PBXNativeTarget "RNLinearGradientView" */ = {
			isa = XCConfigurationList;
			buildConfigurations = (
				376121F6284B253000C3400F /* Debug */,
				376121F7284B253000C3400F /* Release */,
			);
			defaultConfigurationIsVisible = 0;
			defaultConfigurationName = Release;
		};
/* End XCConfigurationList section */
	};
	rootObject = 376121E4284B253000C3400F /* Project object */;
}
